
Microsoft Visual Studio Solution File, Format Version 12.00
# Visual Studio Version 16
VisualStudioVersion = 16.0.31613.86
MinimumVisualStudioVersion = 10.0.40219.1
Project("{9A19103F-16F7-4668-BE54-9A1E7A4F7556}") = "WebApplication1", "WebApplication1.csproj", "{5D864858-A9FA-4796-869A-4776C71F379A}"
EndProject
Global
	GlobalSection(SolutionConfigurationPlatforms) = preSolution
		Debug|Any CPU = Debug|Any CPU
		Release|Any CPU = Release|Any CPU
	EndGlobalSection
	GlobalSection(ProjectConfigurationPlatforms) = postSolution
		{5D864858-A9FA-4796-869A-4776C71F379A}.Debug|Any CPU.ActiveCfg = Debug|Any CPU
		{5D864858-A9FA-4796-869A-4776C71F379A}.Debug|Any CPU.Build.0 = Debug|Any CPU
		{5D864858-A9FA-4796-869A-4776C71F379A}.Release|Any CPU.ActiveCfg = Release|Any CPU
		{5D864858-A9FA-4796-869A-4776C71F379A}.Release|Any CPU.Build.0 = Release|Any CPU
	EndGlobalSection
	GlobalSection(SolutionProperties) = preSolution
		HideSolutionNode = FALSE
	EndGlobalSection
	GlobalSection(ExtensibilityGlobals) = postSolution
		SolutionGuid = {5F083BC8-DF30-4658-B855-27A5D8625D19}
	EndGlobalSection
EndGlobal
